
Microsoft Visual Studio Solution File, Format Version 12.00
# Visual Studio 15
VisualStudioVersion = 15.0.26124.0
MinimumVisualStudioVersion = 15.0.26124.0
Project("{2150E333-8FDC-42A3-9474-1A3956D46DE8}") = "src", "src", "{3D8565B2-6605-4186-8526-C0EEF6A14C74}"
EndProject
Project("{F2A71F9B-5D33-465A-A702-920D77279786}") = "FsHlvm.Core", "src\FsHlvm.Core\FsHlvm.Core.fsproj", "{17A5F19C-7B19-4DCB-8037-0D5977DE09B6}"
EndProject
Project("{F2A71F9B-5D33-465A-A702-920D77279786}") = "FsHlvm.Cli", "src\FsHlvm.Cli\FsHlvm.Cli.fsproj", "{73654A44-A47A-4E48-8786-272C9EE00989}"
EndProject
Project("{2150E333-8FDC-42A3-9474-1A3956D46DE8}") = "tests", "tests", "{E3FC74BA-3D6E-4D49-BFD2-5EA10D9582ED}"
EndProject
Project("{F2A71F9B-5D33-465A-A702-920D77279786}") = "FsHlvm.Core.Tests", "tests\FsHlvm.Core.Tests\FsHlvm.Core.Tests.fsproj", "{907CB8D7-B9EE-447C-840E-F658A532DC0A}"
EndProject
Global
	GlobalSection(SolutionConfigurationPlatforms) = preSolution
		Debug|Any CPU = Debug|Any CPU
		Debug|x64 = Debug|x64
		Debug|x86 = Debug|x86
		Release|Any CPU = Release|Any CPU
		Release|x64 = Release|x64
		Release|x86 = Release|x86
	EndGlobalSection
	GlobalSection(SolutionProperties) = preSolution
		HideSolutionNode = FALSE
	EndGlobalSection
	GlobalSection(ProjectConfigurationPlatforms) = postSolution
		{17A5F19C-7B19-4DCB-8037-0D5977DE09B6}.Debug|Any CPU.ActiveCfg = Debug|Any CPU
		{17A5F19C-7B19-4DCB-8037-0D5977DE09B6}.Debug|Any CPU.Build.0 = Debug|Any CPU
		{17A5F19C-7B19-4DCB-8037-0D5977DE09B6}.Debug|x64.ActiveCfg = Debug|x64
		{17A5F19C-7B19-4DCB-8037-0D5977DE09B6}.Debug|x64.Build.0 = Debug|x64
		{17A5F19C-7B19-4DCB-8037-0D5977DE09B6}.Debug|x86.ActiveCfg = Debug|x86
		{17A5F19C-7B19-4DCB-8037-0D5977DE09B6}.Debug|x86.Build.0 = Debug|x86
		{17A5F19C-7B19-4DCB-8037-0D5977DE09B6}.Release|Any CPU.ActiveCfg = Release|Any CPU
		{17A5F19C-7B19-4DCB-8037-0D5977DE09B6}.Release|Any CPU.Build.0 = Release|Any CPU
		{17A5F19C-7B19-4DCB-8037-0D5977DE09B6}.Release|x64.ActiveCfg = Release|x64
		{17A5F19C-7B19-4DCB-8037-0D5977DE09B6}.Release|x64.Build.0 = Release|x64
		{17A5F19C-7B19-4DCB-8037-0D5977DE09B6}.Release|x86.ActiveCfg = Release|x86
		{17A5F19C-7B19-4DCB-8037-0D5977DE09B6}.Release|x86.Build.0 = Release|x86
		{73654A44-A47A-4E48-8786-272C9EE00989}.Debug|Any CPU.ActiveCfg = Debug|Any CPU
		{73654A44-A47A-4E48-8786-272C9EE00989}.Debug|Any CPU.Build.0 = Debug|Any CPU
		{73654A44-A47A-4E48-8786-272C9EE00989}.Debug|x64.ActiveCfg = Debug|x64
		{73654A44-A47A-4E48-8786-272C9EE00989}.Debug|x64.Build.0 = Debug|x64
		{73654A44-A47A-4E48-8786-272C9EE00989}.Debug|x86.ActiveCfg = Debug|x86
		{73654A44-A47A-4E48-8786-272C9EE00989}.Debug|x86.Build.0 = Debug|x86
		{73654A44-A47A-4E48-8786-272C9EE00989}.Release|Any CPU.ActiveCfg = Release|Any CPU
		{73654A44-A47A-4E48-8786-272C9EE00989}.Release|Any CPU.Build.0 = Release|Any CPU
		{73654A44-A47A-4E48-8786-272C9EE00989}.Release|x64.ActiveCfg = Release|x64
		{73654A44-A47A-4E48-8786-272C9EE00989}.Release|x64.Build.0 = Release|x64
		{73654A44-A47A-4E48-8786-272C9EE00989}.Release|x86.ActiveCfg = Release|x86
		{73654A44-A47A-4E48-8786-272C9EE00989}.Release|x86.Build.0 = Release|x86
		{907CB8D7-B9EE-447C-840E-F658A532DC0A}.Debug|Any CPU.ActiveCfg = Debug|Any CPU
		{907CB8D7-B9EE-447C-840E-F658A532DC0A}.Debug|Any CPU.Build.0 = Debug|Any CPU
		{907CB8D7-B9EE-447C-840E-F658A532DC0A}.Debug|x64.ActiveCfg = Debug|x64
		{907CB8D7-B9EE-447C-840E-F658A532DC0A}.Debug|x64.Build.0 = Debug|x64
		{907CB8D7-B9EE-447C-840E-F658A532DC0A}.Debug|x86.ActiveCfg = Debug|x86
		{907CB8D7-B9EE-447C-840E-F658A532DC0A}.Debug|x86.Build.0 = Debug|x86
		{907CB8D7-B9EE-447C-840E-F658A532DC0A}.Release|Any CPU.ActiveCfg = Release|Any CPU
		{907CB8D7-B9EE-447C-840E-F658A532DC0A}.Release|Any CPU.Build.0 = Release|Any CPU
		{907CB8D7-B9EE-447C-840E-F658A532DC0A}.Release|x64.ActiveCfg = Release|x64
		{907CB8D7-B9EE-447C-840E-F658A532DC0A}.Release|x64.Build.0 = Release|x64
		{907CB8D7-B9EE-447C-840E-F658A532DC0A}.Release|x86.ActiveCfg = Release|x86
		{907CB8D7-B9EE-447C-840E-F658A532DC0A}.Release|x86.Build.0 = Release|x86
	EndGlobalSection
	GlobalSection(NestedProjects) = preSolution
		{17A5F19C-7B19-4DCB-8037-0D5977DE09B6} = {3D8565B2-6605-4186-8526-C0EEF6A14C74}
		{73654A44-A47A-4E48-8786-272C9EE00989} = {3D8565B2-6605-4186-8526-C0EEF6A14C74}
		{907CB8D7-B9EE-447C-840E-F658A532DC0A} = {E3FC74BA-3D6E-4D49-BFD2-5EA10D9582ED}
	EndGlobalSection
EndGlobal
